// !$*UTF8*$!
{
	archiveVersion = 1;
	classes = {
	};
	objectVersion = 46;
	objects = {

/* Begin PBXBuildFile section */
		18D7DE2B1CE4042200D8B442 /* AppDelegate.swift in Sources */ = {isa = PBXBuildFile; fileRef = 18D7DE2A1CE4042200D8B442 /* AppDelegate.swift */; };
		18D7DE2D1CE4042200D8B442 /* ViewController.swift in Sources */ = {isa = PBXBuildFile; fileRef = 18D7DE2C1CE4042200D8B442 /* ViewController.swift */; };
		18D7DE301CE4042200D8B442 /* Main.storyboard in Resources */ = {isa = PBXBuildFile; fileRef = 18D7DE2E1CE4042200D8B442 /* Main.storyboard */; };
		18D7DE321CE4042200D8B442 /* Assets.xcassets in Resources */ = {isa = PBXBuildFile; fileRef = 18D7DE311CE4042200D8B442 /* Assets.xcassets */; };
		18D7DE351CE4042200D8B442 /* LaunchScreen.storyboard in Resources */ = {isa = PBXBuildFile; fileRef = 18D7DE331CE4042200D8B442 /* LaunchScreen.storyboard */; };
		18D7DE401CE4042200D8B442 /* VirtualTouristTests.swift in Sources */ = {isa = PBXBuildFile; fileRef = 18D7DE3F1CE4042200D8B442 /* VirtualTouristTests.swift */; };
		18D7DE4B1CE4042200D8B442 /* VirtualTouristUITests.swift in Sources */ = {isa = PBXBuildFile; fileRef = 18D7DE4A1CE4042200D8B442 /* VirtualTouristUITests.swift */; };
/* End PBXBuildFile section */

/* Begin PBXContainerItemProxy section */
		18D7DE3C1CE4042200D8B442 /* PBXContainerItemProxy */ = {
			isa = PBXContainerItemProxy;
			containerPortal = 18D7DE1F1CE4042200D8B442 /* Project object */;
			proxyType = 1;
			remoteGlobalIDString = 18D7DE261CE4042200D8B442;
			remoteInfo = VirtualTourist;
		};
		18D7DE471CE4042200D8B442 /* PBXContainerItemProxy */ = {
			isa = PBXContainerItemProxy;
			containerPortal = 18D7DE1F1CE4042200D8B442 /* Project object */;
			proxyType = 1;
			remoteGlobalIDString = 18D7DE261CE4042200D8B442;
			remoteInfo = VirtualTourist;
		};
/* End PBXContainerItemProxy section */

/* Begin PBXFileReference section */
		18D7DE271CE4042200D8B442 /* VirtualTourist.app */ = {isa = PBXFileReference; explicitFileType = wrapper.application; includeInIndex = 0; path = VirtualTourist.app; sourceTree = BUILT_PRODUCTS_DIR; };
		18D7DE2A1CE4042200D8B442 /* AppDelegate.swift */ = {isa = PBXFileReference; lastKnownFileType = sourcecode.swift; path = AppDelegate.swift; sourceTree = "<group>"; };
		18D7DE2C1CE4042200D8B442 /* ViewController.swift */ = {isa = PBXFileReference; lastKnownFileType = sourcecode.swift; path = ViewController.swift; sourceTree = "<group>"; };
		18D7DE2F1CE4042200D8B442 /* Base */ = {isa = PBXFileReference; lastKnownFileType = file.storyboard; name = Base; path = Base.lproj/Main.storyboard; sourceTree = "<group>"; };
		18D7DE311CE4042200D8B442 /* Assets.xcassets */ = {isa = PBXFileReference; lastKnownFileType = folder.assetcatalog; path = Assets.xcassets; sourceTree = "<group>"; };
		18D7DE341CE4042200D8B442 /* Base */ = {isa = PBXFileReference; lastKnownFileType = file.storyboard; name = Base; path = Base.lproj/LaunchScreen.storyboard; sourceTree = "<group>"; };
		18D7DE361CE4042200D8B442 /* Info.plist */ = {isa = PBXFileReference; lastKnownFileType = text.plist.xml; path = Info.plist; sourceTree = "<group>"; };
		18D7DE3B1CE4042200D8B442 /* VirtualTouristTests.xctest */ = {isa = PBXFileReference; explicitFileType = wrapper.cfbundle; includeInIndex = 0; path = VirtualTouristTests.xctest; sourceTree = BUILT_PRODUCTS_DIR; };
		18D7DE3F1CE4042200D8B442 /* VirtualTouristTests.swift */ = {isa = PBXFileReference; lastKnownFileType = sourcecode.swift; path = VirtualTouristTests.swift; sourceTree = "<group>"; };
		18D7DE411CE4042200D8B442 /* Info.plist */ = {isa = PBXFileReference; lastKnownFileType = text.plist.xml; path = Info.plist; sourceTree = "<group>"; };
		18D7DE461CE4042200D8B442 /* VirtualTouristUITests.xctest */ = {isa = PBXFileReference; explicitFileType = wrapper.cfbundle; includeInIndex = 0; path = VirtualTouristUITests.xctest; sourceTree = BUILT_PRODUCTS_DIR; };
		18D7DE4A1CE4042200D8B442 /* VirtualTouristUITests.swift */ = {isa = PBXFileReference; lastKnownFileType = sourcecode.swift; path = VirtualTouristUITests.swift; sourceTree = "<group>"; };
		18D7DE4C1CE4042200D8B442 /* Info.plist */ = {isa = PBXFileReference; lastKnownFileType = text.plist.xml; path = Info.plist; sourceTree = "<group>"; };
/* End PBXFileReference section */

/* Begin PBXFrameworksBuildPhase section */
		18D7DE241CE4042200D8B442 /* Frameworks */ = {
			isa = PBXFrameworksBuildPhase;
			buildActionMask = 2147483647;
			files = (
			);
			runOnlyForDeploymentPostprocessing = 0;
		};
		18D7DE381CE4042200D8B442 /* Frameworks */ = {
			isa = PBXFrameworksBuildPhase;
			buildActionMask = 2147483647;
			files = (
			);
			runOnlyForDeploymentPostprocessing = 0;
		};
		18D7DE431CE4042200D8B442 /* Frameworks */ = {
			isa = PBXFrameworksBuildPhase;
			buildActionMask = 2147483647;
			files = (
			);
			runOnlyForDeploymentPostprocessing = 0;
		};
/* End PBXFrameworksBuildPhase section */

/* Begin PBXGroup section */
		18D7DE1E1CE4042200D8B442 = {
			isa = PBXGroup;
			children = (
				18D7DE291CE4042200D8B442 /* VirtualTourist */,
				18D7DE3E1CE4042200D8B442 /* VirtualTouristTests */,
				18D7DE491CE4042200D8B442 /* VirtualTouristUITests */,
				18D7DE281CE4042200D8B442 /* Products */,
			);
			sourceTree = "<group>";
		};
		18D7DE281CE4042200D8B442 /* Products */ = {
			isa = PBXGroup;
			children = (
				18D7DE271CE4042200D8B442 /* VirtualTourist.app */,
				18D7DE3B1CE4042200D8B442 /* VirtualTouristTests.xctest */,
				18D7DE461CE4042200D8B442 /* VirtualTouristUITests.xctest */,
			);
			name = Products;
			sourceTree = "<group>";
		};
		18D7DE291CE4042200D8B442 /* VirtualTourist */ = {
			isa = PBXGroup;
			children = (
				18D7DE2A1CE4042200D8B442 /* AppDelegate.swift */,
				18D7DE2C1CE4042200D8B442 /* ViewController.swift */,
				18D7DE2E1CE4042200D8B442 /* Main.storyboard */,
				18D7DE311CE4042200D8B442 /* Assets.xcassets */,
				18D7DE331CE4042200D8B442 /* LaunchScreen.storyboard */,
				18D7DE361CE4042200D8B442 /* Info.plist */,
			);
			path = VirtualTourist;
			sourceTree = "<group>";
		};
		18D7DE3E1CE4042200D8B442 /* VirtualTouristTests */ = {
			isa = PBXGroup;
			children = (
				18D7DE3F1CE4042200D8B442 /* VirtualTouristTests.swift */,
				18D7DE411CE4042200D8B442 /* Info.plist */,
			);
			path = VirtualTouristTests;
			sourceTree = "<group>";
		};
		18D7DE491CE4042200D8B442 /* VirtualTouristUITests */ = {
			isa = PBXGroup;
			children = (
				18D7DE4A1CE4042200D8B442 /* VirtualTouristUITests.swift */,
				18D7DE4C1CE4042200D8B442 /* Info.plist */,
			);
			path = VirtualTouristUITests;
			sourceTree = "<group>";
		};
/* End PBXGroup section */

/* Begin PBXNativeTarget section */
		18D7DE261CE4042200D8B442 /* VirtualTourist */ = {
			isa = PBXNativeTarget;
			buildConfigurationList = 18D7DE4F1CE4042200D8B442 /* Build configuration list for PBXNativeTarget "VirtualTourist" */;
			buildPhases = (
				18D7DE231CE4042200D8B442 /* Sources */,
				18D7DE241CE4042200D8B442 /* Frameworks */,
				18D7DE251CE4042200D8B442 /* Resources */,
			);
			buildRules = (
			);
			dependencies = (
			);
			name = VirtualTourist;
			productName = VirtualTourist;
			productReference = 18D7DE271CE4042200D8B442 /* VirtualTourist.app */;
			productType = "com.apple.product-type.application";
		};
		18D7DE3A1CE4042200D8B442 /* VirtualTouristTests */ = {
			isa = PBXNativeTarget;
			buildConfigurationList = 18D7DE521CE4042200D8B442 /* Build configuration list for PBXNativeTarget "VirtualTouristTests" */;
			buildPhases = (
				18D7DE371CE4042200D8B442 /* Sources */,
				18D7DE381CE4042200D8B442 /* Frameworks */,
				18D7DE391CE4042200D8B442 /* Resources */,
			);
			buildRules = (
			);
			dependencies = (
				18D7DE3D1CE4042200D8B442 /* PBXTargetDependency */,
			);
			name = VirtualTouristTests;
			productName = VirtualTouristTests;
			productReference = 18D7DE3B1CE4042200D8B442 /* VirtualTouristTests.xctest */;
			productType = "com.apple.product-type.bundle.unit-test";
		};
		18D7DE451CE4042200D8B442 /* VirtualTouristUITests */ = {
			isa = PBXNativeTarget;
			buildConfigurationList = 18D7DE551CE4042200D8B442 /* Build configuration list for PBXNativeTarget "VirtualTouristUITests" */;
			buildPhases = (
				18D7DE421CE4042200D8B442 /* Sources */,
				18D7DE431CE4042200D8B442 /* Frameworks */,
				18D7DE441CE4042200D8B442 /* Resources */,
			);
			buildRules = (
			);
			dependencies = (
				18D7DE481CE4042200D8B442 /* PBXTargetDependency */,
			);
			name = VirtualTouristUITests;
			productName = VirtualTouristUITests;
			productReference = 18D7DE461CE4042200D8B442 /* VirtualTouristUITests.xctest */;
			productType = "com.apple.product-type.bundle.ui-testing";
		};
/* End PBXNativeTarget section */

/* Begin PBXProject section */
		18D7DE1F1CE4042200D8B442 /* Project object */ = {
			isa = PBXProject;
			attributes = {
				LastSwiftUpdateCheck = 0720;
				LastUpgradeCheck = 0720;
				ORGANIZATIONNAME = soheiln;
				TargetAttributes = {
					18D7DE261CE4042200D8B442 = {
						CreatedOnToolsVersion = 7.2.1;
					};
					18D7DE3A1CE4042200D8B442 = {
						CreatedOnToolsVersion = 7.2.1;
						TestTargetID = 18D7DE261CE4042200D8B442;
					};
					18D7DE451CE4042200D8B442 = {
						CreatedOnToolsVersion = 7.2.1;
						TestTargetID = 18D7DE261CE4042200D8B442;
					};
				};
			};
			buildConfigurationList = 18D7DE221CE4042200D8B442 /* Build configuration list for PBXProject "VirtualTourist" */;
			compatibilityVersion = "Xcode 3.2";
			developmentRegion = English;
			hasScannedForEncodings = 0;
			knownRegions = (
				en,
				Base,
			);
			mainGroup = 18D7DE1E1CE4042200D8B442;
			productRefGroup = 18D7DE281CE4042200D8B442 /* Products */;
			projectDirPath = "";
			projectRoot = "";
			targets = (
				18D7DE261CE4042200D8B442 /* VirtualTourist */,
				18D7DE3A1CE4042200D8B442 /* VirtualTouristTests */,
				18D7DE451CE4042200D8B442 /* VirtualTouristUITests */,
			);
		};
/* End PBXProject section */

/* Begin PBXResourcesBuildPhase section */
		18D7DE251CE4042200D8B442 /* Resources */ = {
			isa = PBXResourcesBuildPhase;
			buildActionMask = 2147483647;
			files = (
				18D7DE351CE4042200D8B442 /* LaunchScreen.storyboard in Resources */,
				18D7DE321CE4042200D8B442 /* Assets.xcassets in Resources */,
				18D7DE301CE4042200D8B442 /* Main.storyboard in Resources */,
			);
			runOnlyForDeploymentPostprocessing = 0;
		};
		18D7DE391CE4042200D8B442 /* Resources */ = {
			isa = PBXResourcesBuildPhase;
			buildActionMask = 2147483647;
			files = (
			);
			runOnlyForDeploymentPostprocessing = 0;
		};
		18D7DE441CE4042200D8B442 /* Resources */ = {
			isa = PBXResourcesBuildPhase;
			buildActionMask = 2147483647;
			files = (
			);
			runOnlyForDeploymentPostprocessing = 0;
		};
/* End PBXResourcesBuildPhase section */

/* Begin PBXSourcesBuildPhase section */
		18D7DE231CE4042200D8B442 /* Sources */ = {
			isa = PBXSourcesBuildPhase;
			buildActionMask = 2147483647;
			files = (
				18D7DE2D1CE4042200D8B442 /* ViewController.swift in Sources */,
				18D7DE2B1CE4042200D8B442 /* AppDelegate.swift in Sources */,
			);
			runOnlyForDeploymentPostprocessing = 0;
		};
		18D7DE371CE4042200D8B442 /* Sources */ = {
			isa = PBXSourcesBuildPhase;
			buildActionMask = 2147483647;
			files = (
				18D7DE401CE4042200D8B442 /* VirtualTouristTests.swift in Sources */,
			);
			runOnlyForDeploymentPostprocessing = 0;
		};
		18D7DE421CE4042200D8B442 /* Sources */ = {
			isa = PBXSourcesBuildPhase;
			buildActionMask = 2147483647;
			files = (
				18D7DE4B1CE4042200D8B442 /* VirtualTouristUITests.swift in Sources */,
			);
			runOnlyForDeploymentPostprocessing = 0;
		};
/* End PBXSourcesBuildPhase section */

/* Begin PBXTargetDependency section */
		18D7DE3D1CE4042200D8B442 /* PBXTargetDependency */ = {
			isa = PBXTargetDependency;
			target = 18D7DE261CE4042200D8B442 /* VirtualTourist */;
			targetProxy = 18D7DE3C1CE4042200D8B442 /* PBXContainerItemProxy */;
		};
		18D7DE481CE4042200D8B442 /* PBXTargetDependency */ = {
			isa = PBXTargetDependency;
			target = 18D7DE261CE4042200D8B442 /* VirtualTourist */;
			targetProxy = 18D7DE471CE4042200D8B442 /* PBXContainerItemProxy */;
		};
/* End PBXTargetDependency section */

/* Begin PBXVariantGroup section */
		18D7DE2E1CE4042200D8B442 /* Main.storyboard */ = {
			isa = PBXVariantGroup;
			children = (
				18D7DE2F1CE4042200D8B442 /* Base */,
			);
			name = Main.storyboard;
			sourceTree = "<group>";
		};
		18D7DE331CE4042200D8B442 /* LaunchScreen.storyboard */ = {
			isa = PBXVariantGroup;
			children = (
				18D7DE341CE4042200D8B442 /* Base */,
			);
			name = LaunchScreen.storyboard;
			sourceTree = "<group>";
		};
/* End PBXVariantGroup section */

/* Begin XCBuildConfiguration section */
		18D7DE4D1CE4042200D8B442 /* Debug */ = {
			isa = XCBuildConfiguration;
			buildSettings = {
				ALWAYS_SEARCH_USER_PATHS = NO;
				CLANG_CXX_LANGUAGE_STANDARD = "gnu++0x";
				CLANG_CXX_LIBRARY = "libc++";
				CLANG_ENABLE_MODULES = YES;
				CLANG_ENABLE_OBJC_ARC = YES;
				CLANG_WARN_BOOL_CONVERSION = YES;
				CLANG_WARN_CONSTANT_CONVERSION = YES;
				CLANG_WARN_DIRECT_OBJC_ISA_USAGE = YES_ERROR;
				CLANG_WARN_EMPTY_BODY = YES;
				CLANG_WARN_ENUM_CONVERSION = YES;
				CLANG_WARN_INT_CONVERSION = YES;
				CLANG_WARN_OBJC_ROOT_CLASS = YES_ERROR;
				CLANG_WARN_UNREACHABLE_CODE = YES;
				CLANG_WARN__DUPLICATE_METHOD_MATCH = YES;
				"CODE_SIGN_IDENTITY[sdk=iphoneos*]" = "iPhone Developer";
				COPY_PHASE_STRIP = NO;
				DEBUG_INFORMATION_FORMAT = dwarf;
				ENABLE_STRICT_OBJC_MSGSEND = YES;
				ENABLE_TESTABILITY = YES;
				GCC_C_LANGUAGE_STANDARD = gnu99;
				GCC_DYNAMIC_NO_PIC = NO;
				GCC_NO_COMMON_BLOCKS = YES;
				GCC_OPTIMIZATION_LEVEL = 0;
				GCC_PREPROCESSOR_DEFINITIONS = (
					"DEBUG=1",
					"$(inherited)",
				);
				GCC_WARN_64_TO_32_BIT_CONVERSION = YES;
				GCC_WARN_ABOUT_RETURN_TYPE = YES_ERROR;
				GCC_WARN_UNDECLARED_SELECTOR = YES;
				GCC_WARN_UNINITIALIZED_AUTOS = YES_AGGRESSIVE;
				GCC_WARN_UNUSED_FUNCTION = YES;
				GCC_WARN_UNUSED_VARIABLE = YES;
				IPHONEOS_DEPLOYMENT_TARGET = 9.2;
				MTL_ENABLE_DEBUG_INFO = YES;
				ONLY_ACTIVE_ARCH = YES;
				SDKROOT = iphoneos;
				SWIFT_OPTIMIZATION_LEVEL = "-Onone";
			};
			name = Debug;
		};
		18D7DE4E1CE4042200D8B442 /* Release */ = {
			isa = XCBuildConfiguration;
			buildSettings = {
				ALWAYS_SEARCH_USER_PATHS = NO;
				CLANG_CXX_LANGUAGE_STANDARD = "gnu++0x";
				CLANG_CXX_LIBRARY = "libc++";
				CLANG_ENABLE_MODULES = YES;
				CLANG_ENABLE_OBJC_ARC = YES;
				CLANG_WARN_BOOL_CONVERSION = YES;
				CLANG_WARN_CONSTANT_CONVERSION = YES;
				CLANG_WARN_DIRECT_OBJC_ISA_USAGE = YES_ERROR;
				CLANG_WARN_EMPTY_BODY = YES;
				CLANG_WARN_ENUM_CONVERSION = YES;
				CLANG_WARN_INT_CONVERSION = YES;
				CLANG_WARN_OBJC_ROOT_CLASS = YES_ERROR;
				CLANG_WARN_UNREACHABLE_CODE = YES;
				CLANG_WARN__DUPLICATE_METHOD_MATCH = YES;
				"CODE_SIGN_IDENTITY[sdk=iphoneos*]" = "iPhone Developer";
				COPY_PHASE_STRIP = NO;
				DEBUG_INFORMATION_FORMAT = "dwarf-with-dsym";
				ENABLE_NS_ASSERTIONS = NO;
				ENABLE_STRICT_OBJC_MSGSEND = YES;
				GCC_C_LANGUAGE_STANDARD = gnu99;
				GCC_NO_COMMON_BLOCKS = YES;
				GCC_WARN_64_TO_32_BIT_CONVERSION = YES;
				GCC_WARN_ABOUT_RETURN_TYPE = YES_ERROR;
				GCC_WARN_UNDECLARED_SELECTOR = YES;
				GCC_WARN_UNINITIALIZED_AUTOS = YES_AGGRESSIVE;
				GCC_WARN_UNUSED_FUNCTION = YES;
				GCC_WARN_UNUSED_VARIABLE = YES;
				IPHONEOS_DEPLOYMENT_TARGET = 9.2;
				MTL_ENABLE_DEBUG_INFO = NO;
				SDKROOT = iphoneos;
				VALIDATE_PRODUCT = YES;
			};
			name = Release;
		};
		18D7DE501CE4042200D8B442 /* Debug */ = {
			isa = XCBuildConfiguration;
			buildSettings = {
				ASSETCATALOG_COMPILER_APPICON_NAME = AppIcon;
				INFOPLIST_FILE = VirtualTourist/Info.plist;
				LD_RUNPATH_SEARCH_PATHS = "$(inherited) @executable_path/Frameworks";
				PRODUCT_BUNDLE_IDENTIFIER = com.soheiln.VirtualTourist;
				PRODUCT_NAME = "$(TARGET_NAME)";
			};
			name = Debug;
		};
		18D7DE511CE4042200D8B442 /* Release */ = {
			isa = XCBuildConfiguration;
			buildSettings = {
				ASSETCATALOG_COMPILER_APPICON_NAME = AppIcon;
				INFOPLIST_FILE = VirtualTourist/Info.plist;
				LD_RUNPATH_SEARCH_PATHS = "$(inherited) @executable_path/Frameworks";
				PRODUCT_BUNDLE_IDENTIFIER = com.soheiln.VirtualTourist;
				PRODUCT_NAME = "$(TARGET_NAME)";
			};
			name = Release;
		};
		18D7DE531CE4042200D8B442 /* Debug */ = {
			isa = XCBuildConfiguration;
			buildSettings = {
				BUNDLE_LOADER = "$(TEST_HOST)";
				INFOPLIST_FILE = VirtualTouristTests/Info.plist;
				LD_RUNPATH_SEARCH_PATHS = "$(inherited) @executable_path/Frameworks @loader_path/Frameworks";
				PRODUCT_BUNDLE_IDENTIFIER = com.soheiln.VirtualTouristTests;
				PRODUCT_NAME = "$(TARGET_NAME)";
				TEST_HOST = "$(BUILT_PRODUCTS_DIR)/VirtualTourist.app/VirtualTourist";
			};
			name = Debug;
		};
		18D7DE541CE4042200D8B442 /* Release */ = {
			isa = XCBuildConfiguration;
			buildSettings = {
				BUNDLE_LOADER = "$(TEST_HOST)";
				INFOPLIST_FILE = VirtualTouristTests/Info.plist;
				LD_RUNPATH_SEARCH_PATHS = "$(inherited) @executable_path/Frameworks @loader_path/Frameworks";
				PRODUCT_BUNDLE_IDENTIFIER = com.soheiln.VirtualTouristTests;
				PRODUCT_NAME = "$(TARGET_NAME)";
				TEST_HOST = "$(BUILT_PRODUCTS_DIR)/VirtualTourist.app/VirtualTourist";
			};
			name = Release;
		};
		18D7DE561CE4042200D8B442 /* Debug */ = {
			isa = XCBuildConfiguration;
			buildSettings = {
				INFOPLIST_FILE = VirtualTouristUITests/Info.plist;
				LD_RUNPATH_SEARCH_PATHS = "$(inherited) @executable_path/Frameworks @loader_path/Frameworks";
				PRODUCT_BUNDLE_IDENTIFIER = com.soheiln.VirtualTouristUITests;
				PRODUCT_NAME = "$(TARGET_NAME)";
				TEST_TARGET_NAME = VirtualTourist;
				USES_XCTRUNNER = YES;
			};
			name = Debug;
		};
		18D7DE571CE4042200D8B442 /* Release */ = {
			isa = XCBuildConfiguration;
			buildSettings = {
				INFOPLIST_FILE = VirtualTouristUITests/Info.plist;
				LD_RUNPATH_SEARCH_PATHS = "$(inherited) @executable_path/Frameworks @loader_path/Frameworks";
				PRODUCT_BUNDLE_IDENTIFIER = com.soheiln.VirtualTouristUITests;
				PRODUCT_NAME = "$(TARGET_NAME)";
				TEST_TARGET_NAME = VirtualTourist;
				USES_XCTRUNNER = YES;
			};
			name = Release;
		};
/* End XCBuildConfiguration section */

/* Begin XCConfigurationList section */
		18D7DE221CE4042200D8B442 /* Build configuration list for PBXProject "VirtualTourist" */ = {
			isa = XCConfigurationList;
			buildConfigurations = (
				18D7DE4D1CE4042200D8B442 /* Debug */,
				18D7DE4E1CE4042200D8B442 /* Release */,
			);
			defaultConfigurationIsVisible = 0;
			defaultConfigurationName = Release;
		};
		18D7DE4F1CE4042200D8B442 /* Build configuration list for PBXNativeTarget "VirtualTourist" */ = {
			isa = XCConfigurationList;
			buildConfigurations = (
				18D7DE501CE4042200D8B442 /* Debug */,
				18D7DE511CE4042200D8B442 /* Release */,
			);
			defaultConfigurationIsVisible = 0;
		};
		18D7DE521CE4042200D8B442 /* Build configuration list for PBXNativeTarget "VirtualTouristTests" */ = {
			isa = XCConfigurationList;
			buildConfigurations = (
				18D7DE531CE4042200D8B442 /* Debug */,
				18D7DE541CE4042200D8B442 /* Release */,
			);
			defaultConfigurationIsVisible = 0;
		};
		18D7DE551CE4042200D8B442 /* Build configuration list for PBXNativeTarget "VirtualTouristUITests" */ = {
			isa = XCConfigurationList;
			buildConfigurations = (
				18D7DE561CE4042200D8B442 /* Debug */,
				18D7DE571CE4042200D8B442 /* Release */,
			);
			defaultConfigurationIsVisible = 0;
		};
/* End XCConfigurationList section */
	};
	rootObject = 18D7DE1F1CE4042200D8B442 /* Project object */;
}
